{
    "_meta": {
        "hash": {
            "sha256": "77ace174361c1fe7ce43866f321aeb9a74aebdb6f786081c96c83a28c3d73d7d"
        },
        "pipfile-spec": 6,
        "requires": {
            "python_version": "3.6"
        },
        "sources": [
            {
                "name": "pypi",
                "url": "https://pypi.python.org/simple",
                "verify_ssl": true
            }
        ]
    },
    "default": {
        "adal": {
            "hashes": [
                "sha256:2a7451ed7441ddbc57703042204a3e30ef747478eea022c70f789fc7f084bc3d",
                "sha256:d74f45b81317454d96e982fd1c50e6fb5c99ac2223728aea8764433a39f566f1"
            ],
            "version": "==1.2.7"
        },
        "asgiref": {
            "hashes": [
                "sha256:4ef1ab46b484e3c706329cedeff284a5d40824200638503f5768edb6de7d58e9",
                "sha256:ffc141aa908e6f175673e7b1b3b7af4fdb0ecb738fc5c8b88f69f055c2415214"
            ],
            "markers": "python_version >= '3.6'",
            "version": "==3.4.1"
        },
        "azure": {
            "hashes": [
                "sha256:7d6afa332fccffe1a9390bcfac5122317eec657c6029f144d794603a81cd0e50",
                "sha256:8bee1f569f700519e8cdfe210259c5c51fa96cee69ccae6b06f60d7224e334e6"
            ],
            "version": "==4.0.0"
        },
        "azure-applicationinsights": {
            "hashes": [
                "sha256:83d049645295be5d917fd009d78ddd40b164fbe791c8b7ea500588607b72fbde",
                "sha256:a8845b80365b7f200bad1f71a80d0d31f3bec01edfd467dfb6c13ea2bd71ba96"
            ],
            "version": "==0.1.1"
        },
        "azure-batch": {
            "hashes": [
                "sha256:017be21a9e6db92473d2e33170d5dd445596fc70d706f73552ac9c6b57a6ef1c",
                "sha256:cd71c7ebb5beab174b6225bbf79ae18d6db0c8d63227a7e514da0a75f138364c"
            ],
            "version": "==4.1.3"
        },
        "azure-common": {
            "hashes": [
                "sha256:4ac0cd3214e36b6a1b6a442686722a5d8cc449603aa833f3f0f40bda836704a3",
                "sha256:5c12d3dcf4ec20599ca6b0d3e09e86e146353d443e7fcc050c9a19c1f9df20ad"
            ],
            "version": "==1.1.28"
        },
        "azure-cosmosdb-nspkg": {
            "hashes": [
                "sha256:5d83961922812ffb6e23f7321550b2916abbd7480ec5b4a798417c4a682ff5e9",
                "sha256:acf691e692818d9a65c653c7a3485eb8e35c0bdc496bba652e5ea3905ba09cd8"
            ],
            "version": "==2.0.2"
        },
        "azure-cosmosdb-table": {
            "hashes": [
                "sha256:5f061d2ab8dcf2f0b4e965d5976e7b7aeb1247ea896911f0e1d29092aaaa29c7",
                "sha256:ee525233d6c8c016526593bf28f8a374275cfe204a00c41134b83a1736f7b5f7"
            ],
            "version": "==1.0.6"
        },
        "azure-datalake-store": {
            "hashes": [
                "sha256:4198ddb32614d16d4502b43d5c9739f81432b7e0e4d75d30e05149fe6007fea2",
                "sha256:aaed72b9c856824aeab554f4dbe0ef2c6d0ff36700bdd8b93d8298793117c48e"
            ],
            "version": "==0.0.52"
        },
        "azure-eventgrid": {
            "hashes": [
                "sha256:320440b915081be2d234da6513268384a811514be40076fa0b10eb2671c211b6",
                "sha256:c82c4bf6ea59aeec69ce8f95f1b6a4edc6d733874aeb056669c9d2806168c86e"
            ],
            "version": "==1.3.0"
        },
        "azure-graphrbac": {
            "hashes": [
                "sha256:825b397665f478fab511e521f3f3f4b64189cb9f6c2e7e873b3b7333dc533974",
                "sha256:f94b97bdcf774878fe2f8b8c46a5d6550a4ed891350ed0730c1561a24d488ee2"
            ],
            "version": "==0.40.0"
        },
        "azure-keyvault": {
            "hashes": [
                "sha256:37a8e5f376eb5a304fcd066d414b5d93b987e68f9212b0c41efa37d429aadd49",
                "sha256:dec5334cde846849dfe7896f2e98f17b4f4d75c316a4d30e7171ce71ca20713d"
            ],
            "version": "==1.1.0"
        },
        "azure-loganalytics": {
            "hashes": [
                "sha256:68ffb9a2206e06b9672100a8e6351cc04f75bb81867f30d416c68b55d624d793",
                "sha256:7975a8d91b1fdc7e69af2ef911f9cb04e3d40e00b03b02bcde514ee97c45f3c8"
            ],
            "version": "==0.1.1"
        },
        "azure-mgmt": {
            "hashes": [
                "sha256:8dcbee7b323c3898ae92f5e2d88c3e6201f197ae48a712970929c4646cc2580a",
                "sha256:fdca6b5ecf17e5583f6fd3a20cd4e4e0335a3d91131d62b50cfef40d657234b2"
            ],
            "version": "==4.0.0"
        },
        "azure-mgmt-advisor": {
            "hashes": [
                "sha256:8fdcb41f760a216e6b835eaec11dba61822777b386139d83eee31f0ff63b05da",
                "sha256:9d166cc9868971d03ec852e900fa1f1b95d8829233eff2b1baf702bd34b9887b"
            ],
            "version": "==1.0.1"
        },
        "azure-mgmt-applicationinsights": {
            "hashes": [
                "sha256:929c30559692c77d424ca36f11e98f066c98e7eb7b742c44beadc082715f19df",
                "sha256:f10229eb9e3e9d0ad20188b8d14d67055e86f3815b43b75eedf96b654bee2a9b"
            ],
            "version": "==0.1.1"
        },
        "azure-mgmt-authorization": {
            "hashes": [
                "sha256:2b8504763ea8b1b475f2c3533b171bedb91ffae459f48f1f885ec8536df91093",
                "sha256:535de12ff4f628b62b939ae17cc6186226d7783bf02f242cdd3512ee03a6a40e"
            ],
            "version": "==0.50.0"
        },
        "azure-mgmt-batch": {
            "hashes": [
                "sha256:6e375ecdd5966ee9ee45b29c90a806388c27ceacc2cbd6dd406ff311b5d7da72",
                "sha256:d942e225180d07aae07a43e489ae0acbacd92651be3a019f4eb330a587028161"
            ],
            "version": "==5.0.1"
        },
        "azure-mgmt-batchai": {
            "hashes": [
                "sha256:b5f7df6a77fde0bd6b486762eb2c81750b6f1730ee1116689d2dfbd3e03dba95",
                "sha256:f1870b0f97d5001cdb66208e5a236c9717a0ed18b34dbfdb238a828f3ca2a683"
            ],
            "version": "==2.0.0"
        },
        "azure-mgmt-billing": {
            "hashes": [
                "sha256:3810cdda69ec1409191b292628fe6ba86ce5e0444723b960d91af4f401846ac3",
                "sha256:85f73bb3808a7d0d2543307e8f41e5b90a170ad6eeedd54fe7fcaac61b5b22d2"
            ],
            "version": "==0.2.0"
        },
        "azure-mgmt-cdn": {
            "hashes": [
                "sha256:0cdbe0914aec544884ef681e31950efa548d9bec6d6dc354e00c3dbdab9e76e3",
                "sha256:d80bfcbc342fa118d618c80ee2f3e163a2fa41d184f1d70a826020920dbc8a39"
            ],
            "version": "==3.1.0"
        },
        "azure-mgmt-cognitiveservices": {
            "hashes": [
                "sha256:36b406ee4b6652cd144a99309cd823ac1c726b0160120c14e4c35cb668f3f8ff",
                "sha256:c3247f2786b996a5f328ebdaf65d31507571979e004de7a5ed0ff280f95d80b4"
            ],
            "version": "==3.0.0"
        },
        "azure-mgmt-commerce": {
            "hashes": [
                "sha256:c48e84ed322fa9ddbc2d7fcca754c5e97171919be94f510bd2579cf5666684c3",
                "sha256:ddcd403bcaf6b7de2cbf1bc249b7db452b35dc1f0503f940368efc722dc0bc90"
            ],
            "version": "==1.0.1"
        },
        "azure-mgmt-compute": {
            "hashes": [
                "sha256:36f4682076bafb363cbdf17a839941208ce94a14d8a652005ee02399c4a71297",
                "sha256:93f32e68d322a04006296b89d219e8ccc5d5e52e788ec0a602563823e108e1f8"
            ],
            "version": "==4.6.2"
        },
        "azure-mgmt-consumption": {
            "hashes": [
                "sha256:36ea28bb2ed4bec7e4d643444085ba4debed20a01fbd87f599896a4bda3318bd",
                "sha256:9a85a89f30f224d261749be20b4616a0eb8948586f7f0f20573b8ea32f265189"
            ],
            "version": "==2.0.0"
        },
        "azure-mgmt-containerinstance": {
            "hashes": [
                "sha256:0e55fb1dddcc01a9d58a99095e5cca50252bb6c42150b225e552560fe29fd8a5",
                "sha256:b055386f04ba8433112b0df7fcbc260b5208828d7bb8c057e760fe596aa7a8cd"
            ],
            "version": "==1.5.0"
        },
        "azure-mgmt-containerregistry": {
            "hashes": [
                "sha256:7de7c542e29b441f3858447694c4e5ab933eeef74bce2dd5bdab32b6d521ecd3",
                "sha256:b24be1050d54f3158e8be7f6ad677f0c8888dddefd09fb8391ebfc73d40173a4"
            ],
            "version": "==2.8.0"
        },
        "azure-mgmt-containerservice": {
            "hashes": [
                "sha256:150fa5437726a97428ab107e4de155c950f8065834f43aa2dff5924d20d4b42c",
                "sha256:b75ceac9a18be75c4f6b1ee4e5320a3c75c78472b49d4ff7d374502d914f7594"
            ],
            "version": "==4.4.0"
        },
        "azure-mgmt-cosmosdb": {
            "hashes": [
                "sha256:a6e70527994d8ce7f4eeca80c7691bc9555adf90819848a9a30284a33b0cffe2",
                "sha256:d5f448e9e6733b83e2e6bde28267bb30620c5a3f1399e66dcfe04d0b80960094"
            ],
            "version": "==0.4.1"
        },
        "azure-mgmt-datafactory": {
            "hashes": [
                "sha256:63d6cad02ef4d9da788b148b69c708227085b2d948d805bbf54150c7a692393c",
                "sha256:6ee02286e9950b9f5b76589459f6d060a962faaab1f49c263a55d011e98b30bf"
            ],
            "version": "==0.6.0"
        },
        "azure-mgmt-datalake-analytics": {
            "hashes": [
                "sha256:0d64c4689a67d6138eb9ffbaff2eda2bace7d30b846401673183dcb42714de8f",
                "sha256:ac96c9777314831db37461f0602e75298bc25277ba7f4d0d3e7966a926669b7e"
            ],
            "version": "==0.6.0"
        },
        "azure-mgmt-datalake-nspkg": {
            "hashes": [
                "sha256:2ac6fa13c55b87112199c5fb03a3098cefebed5f44ac34ab3d39b399951b22c4",
                "sha256:3b9e2843f5d0fd6015bba13040dfc2f5fe9bc7b02c9d91dd578e8fe852d1b2dd",
                "sha256:deb192ba422f8b3ec272ce4e88736796f216f28ea5b03f28331d784b7a3f4880"
            ],
            "version": "==3.0.1"
        },
        "azure-mgmt-datalake-store": {
            "hashes": [
                "sha256:2af98236cd7eaa439b239bf761338c866996ce82e9c129b204e8851e5dc095dd",
                "sha256:9376d35495661d19f8acc5604f67b0bc59493b1835bbc480f9a1952f90017a4c"
            ],
            "version": "==0.5.0"
        },
        "azure-mgmt-datamigration": {
            "hashes": [
                "sha256:bb654d9f96166a5cf2638f821af5cee8b1c331257c69b053592375a4d2bb4d5e",
                "sha256:ea2920475f9e56e660003a06397228243042157d46674f8a09abaf2d0a933aed"
            ],
            "version": "==1.0.0"
        },
        "azure-mgmt-devspaces": {
            "hashes": [
                "sha256:220f1610c2cda584e4212611679868d8cc5bdd789d3f0dfa1259b64fc968f580",
                "sha256:4710dd59fc219ebfa4272dbbad58bf62093b52ce22bfd32a5c0279d2149471b5"
            ],
            "version": "==0.1.0"
        },
        "azure-mgmt-devtestlabs": {
            "hashes": [
                "sha256:7e91bb139b59cfaf1c1b2b0e3e21f091768c658c1879797757dedc6312f00c8c",
                "sha256:d416a6d0883b0d33a63c524db6455ee90a01a72a9d8757653e446bf4d3f69796"
            ],
            "version": "==2.2.0"
        },
        "azure-mgmt-dns": {
            "hashes": [
                "sha256:3730b1b3f545a5aa43c0fff07418b362a789eb7d81286e2bed90ffef88bfa5d0",
                "sha256:5b80546b0f182d7abe90c43025cd5ca7e6605224b4d5b872cca2456667f172ef"
            ],
            "version": "==2.1.0"
        },
        "azure-mgmt-eventgrid": {
            "hashes": [
                "sha256:824503b668137affa5b3782c6348c0bb6ab012c72fe47a3be9942c5639f82f8a",
                "sha256:9518e9d7e60ab90a7d18ae6a3f0049ca57588f8f9583ab40d442c2a5387cf94e"
            ],
            "version": "==1.0.0"
        },
        "azure-mgmt-eventhub": {
            "hashes": [
                "sha256:e86b20aa1f6f9c77a83d4af6e708823cc3593658bcea7b12228efc48e214d7da",
                "sha256:e9e8f219251e8296d17f14090488376adcdbab1ca8ffc3664b70c73015f368ff"
            ],
            "version": "==2.6.0"
        },
        "azure-mgmt-hanaonazure": {
            "hashes": [
                "sha256:9fe4dc0adeb772d13918e1d6126d83c7770b762f358487504c5f082f542d0189",
                "sha256:aec953c54809d0cc2f61f24d4d62a97f02c466bdc7906fd66f30120becf0c3df"
            ],
            "version": "==0.1.1"
        },
        "azure-mgmt-iotcentral": {
            "hashes": [
                "sha256:0d2101f3ea8a21ec3b29ee72d83e6ca606a241efec3b042cda8c656ad99b8fd2",
                "sha256:59f7c653ac7d6475d5d7900902a5d0e0fe7aad03224c47d70f2cf1e20d43a81d"
            ],
            "version": "==0.1.0"
        },
        "azure-mgmt-iothub": {
            "hashes": [
                "sha256:08388142ed6844f0a0e97d2740decf80ffc94f22adca174c15f60b9e2c2d14be",
                "sha256:77221c5b6ff7feabc2e6d44156e29fbee9098b34de044165d3532b64b678bdb1"
            ],
            "version": "==0.5.0"
        },
        "azure-mgmt-iothubprovisioningservices": {
            "hashes": [
                "sha256:2b3480a8ad2e535928da55de92b6127d02171768fed375b112274eb1e55268c1",
                "sha256:8c37acfd1c33aba845f2e0302ef7266cad31cba503cc990a48684659acb7b91d"
            ],
            "version": "==0.2.0"
        },
        "azure-mgmt-keyvault": {
            "hashes": [
                "sha256:05a15327a922441d2ba32add50a35c7f1b9225727cbdd3eeb98bc656e4684099",
                "sha256:406298b6236abf9e3bae3218df2fc89c25aee471b917eca7769ff5696fc8ec01"
            ],
            "version": "==1.1.0"
        },
        "azure-mgmt-loganalytics": {
            "hashes": [
                "sha256:c7315ff0ee4d618fb38dca68548ef4023a7a20ce00efe27eb2105a5426237d86",
                "sha256:f224b7d52f4369ce057c7f83e80da1d00a8887ad5c15606529e9c930e601088f"
            ],
            "version": "==0.2.0"
        },
        "azure-mgmt-logic": {
            "hashes": [
                "sha256:232c175e45582f7c547d3b50d93bd64aec37b400426962e4fd0cd235980ea110",
                "sha256:d163dfc32e3cfa84f3f8131a75d9e94f5c4595907332cc001e45bf7e4efd5add"
            ],
            "version": "==3.0.0"
        },
        "azure-mgmt-machinelearningcompute": {
            "hashes": [
                "sha256:4995ba9ee392eb4f5579e93dba9187b67007187e7fd022d6b417ec56e6761a6b",
                "sha256:7a52f85591114ef33a599dabbef840d872b7f599b7823e596af9490ec51b873f"
            ],
            "version": "==0.4.1"
        },
        "azure-mgmt-managementgroups": {
            "hashes": [
                "sha256:005e8289c2e1d8a8368c96790edf6a34e5c37b4096bce2eb8a923c6d5dc11fb2",
                "sha256:ff62d982edda634a36160cb1d15a367a9572a5acb419e5e7ad371e8c83bd47c7"
            ],
            "version": "==0.1.0"
        },
        "azure-mgmt-managementpartner": {
            "hashes": [
                "sha256:27a265cd1ec0fac022fb2f6024b16bffbe378c7a829d6f446c4ab8d94eaf6caf",
                "sha256:ae4ae9f50d00e51bc92408f81a152571305ccbc44ce462c166bca07950474e6d"
            ],
            "version": "==0.1.1"
        },
        "azure-mgmt-maps": {
            "hashes": [
                "sha256:a779b1ddbbcd95393e53f11b586dd26c42a709aaa226412a2df64d0da6807a80",
                "sha256:c120e210bb61768da29de24d28b82f8d42ae24e52396eb6569b499709e22f006"
            ],
            "version": "==0.1.0"
        },
        "azure-mgmt-marketplaceordering": {
            "hashes": [
                "sha256:6da12425cbab0cc62f246e7266b4d67aff6bdd031ecbe50c7542c2f2b2440ad4",
                "sha256:fb7a21f4a4a4b8d32bae600614f047a17993111374c9567ac11f241ada61d69f"
            ],
            "version": "==0.1.0"
        },
        "azure-mgmt-media": {
            "hashes": [
                "sha256:09f2abd2a56022e22a191b54c25c1301b39e89b8bd13bd8319a4cb0e2955da9e",
                "sha256:e582851032a98613e16c36cabba8903e755f7622bd24bdf114b32064799f3059"
            ],
            "version": "==1.0.1"
        },
        "azure-mgmt-monitor": {
            "hashes": [
                "sha256:838867a150694837e9c6141760ff0f20fe9e5b7ab88f9ba868fde1810855895e",
                "sha256:f1a58d483e3292ba4f7bbf3104573130c9265d6c9262e26b60cbfa950b5601e4"
            ],
            "version": "==0.5.2"
        },
        "azure-mgmt-msi": {
            "hashes": [
                "sha256:8622bc9a164169a0113728ebe7fd43a88189708ce6e10d4507247d6907987167",
                "sha256:e989e61753bf4eca0e688526b7c31c9a88082080acfb038fad17dda7f084a026"
            ],
            "version": "==0.2.0"
        },
        "azure-mgmt-network": {
            "hashes": [
                "sha256:57965d5c5182bcbe4ef70c23319a2714a5f473c650e18078ac055ad12c70e913",
                "sha256:c083f9da1af69ca8524d0a7e2f0235b025a628ad00308072c1e84662312a532a"
            ],
            "version": "==2.7.0"
        },
        "azure-mgmt-notificationhubs": {
            "hashes": [
                "sha256:abb1f5b6d9fa6e85a9d6c30ea2c23b0f61118cc3364c5e75ea94ea37dcc74890",
                "sha256:b00809d5f6fa6d3f3a9ddea700c35314bc3b2b819fddd0f6389d5aa15a1c8583"
            ],
            "version": "==2.1.0"
        },
        "azure-mgmt-nspkg": {
            "hashes": [
                "sha256:1c6f5134de78c8907e8b73a8ceaaf1f336a24193a543039994fe002bb5f7f39f",
                "sha256:8b2287f671529505b296005e6de9150b074344c2c7d1c805b3f053d081d58c52",
                "sha256:d638ea5fda3ed323db943feb29acaa200f5d8ff092078bf8d29d4a2f8ed16999"
            ],
            "version": "==3.0.2"
        },
        "azure-mgmt-policyinsights": {
            "hashes": [
                "sha256:49b88331bf823a030182ff492b728828c35758c7e49c8898a403bce5b210ba49",
                "sha256:ff94cb12d6e01bf1470c2a6af4ce6960669ab4209106153879ff97addc569ce1"
            ],
            "version": "==0.1.0"
        },
        "azure-mgmt-powerbiembedded": {
            "hashes": [
                "sha256:2f05be73f2a086c579a78fc900e3b2ae14ccde5bcec54e29dfc73e626b377476",
                "sha256:6f75fef7ff576383c8c6692ba5a1efa634e6eded99d0ff6e76fdc8327325fe2f"
            ],
            "version": "==2.0.0"
        },
        "azure-mgmt-rdbms": {
            "hashes": [
                "sha256:6d6f8e48c0458a67b4fd10ea4bb5f3e9b622784f4ef27c296af95a48d377dce5",
                "sha256:d9d4090010cbb64176ce094603f1298af7368ddb3a0cb606d5e972331285216d"
            ],
            "version": "==1.9.0"
        },
        "azure-mgmt-recoveryservices": {
            "hashes": [
                "sha256:29df3e58890492efdd80d608b7a0fd2006c8a908687c35b9b1f70af068c0f6e4",
                "sha256:e48f7769fb10a85ad857710c2cba47880166f69fe7da6b331771f129b21de95c"
            ],
            "version": "==0.3.0"
        },
        "azure-mgmt-recoveryservicesbackup": {
            "hashes": [
                "sha256:1e55b6cbb808df83576cef352ba0065f4878fe505299c0a4c5a97f4f1e5793df",
                "sha256:5c44bd73df6eb55382335f16a21aee62ddc8e271cd913b9147768f42aba59c3d"
            ],
            "version": "==0.3.0"
        },
        "azure-mgmt-redis": {
            "hashes": [
                "sha256:374a267b83ec4e71077b8afad537863fb93816c96407595cdd02973235356ded",
                "sha256:41d12cea5673b2e277ea298d85bab7d1fdbd0636ff6be08b15ee30a312c07d6d"
            ],
            "version": "==5.0.0"
        },
        "azure-mgmt-relay": {
            "hashes": [
                "sha256:1411e734573ce6166ac7a75fbfc0afb7d6b3f47a94d0b4999b6adf2709eba87c",
                "sha256:d9f987cf2998b8a354f331b2a71082c049193f1e1cd345812e14b9b821365acb"
            ],
            "version": "==0.1.0"
        },
        "azure-mgmt-reservations": {
            "hashes": [
                "sha256:40618a3700c47a788182649f238d985edf15b08b6577ea27557e70e2866ac171",
                "sha256:612acfa18f005c2ee5dda5c473b8bf6540d232db331b27be47de2608c5855adb"
            ],
            "version": "==0.2.1"
        },
        "azure-mgmt-resource": {
            "hashes": [
                "sha256:9c55503801db19fa88f1ab6b7ded6f7df543894c3e35b4e00993a471bd25e10c",
                "sha256:bc3d683dbd0289a278b79e55c9de8a5a3db03e3894484b2e5dbc95e4e9eb779c"
            ],
            "version": "==2.2.0"
        },
        "azure-mgmt-scheduler": {
            "hashes": [
                "sha256:59e7cced3ee9b93016efb8cf5f965ca11a463bb8e55f96a2f200b013426dd751",
                "sha256:c6e6edd386ddc4c21d54b1497c3397b970bc127b71809b51bd2391cb1f3d1a14"
            ],
            "version": "==2.0.0"
        },
        "azure-mgmt-search": {
            "hashes": [
                "sha256:92a40a1a7a9e3a82b6fa302042799e8d5a67d3996c20835af72afc14f1610501",
                "sha256:ea24482c56ceb2db2c22165ad7f389054567f7a2fa67e3c13df852b790bfc297"
            ],
            "version": "==2.1.0"
        },
        "azure-mgmt-servicebus": {
            "hashes": [
                "sha256:7d1e8c3dc05ffdfe496ae643290ce4de93a3bf814ffda69121223e3d7da12408",
                "sha256:cbc3fc8d8b8930452cf7d499856313da208eb66f62ade0091aa9bae0db2b1674"
            ],
            "version": "==0.5.3"
        },
        "azure-mgmt-servicefabric": {
            "hashes": [
                "sha256:0c1434e789d0c036c613855b898a385a4533656f45eafae3ef7af3ecf4d6a3e8",
                "sha256:b2bf2279b8ff8450c35e78e226231655021482fdbda27db09975ebfc983398ad"
            ],
            "version": "==0.2.0"
        },
        "azure-mgmt-signalr": {
            "hashes": [
                "sha256:37a79dfe21af4addbd9cdf248a260387caabdfdd60d2ba6f3174d28e96660655",
                "sha256:8a6266a59a5c69102e274806ccad3ac74b06fd2c226e16426bbe248fc2174903"
            ],
            "version": "==0.1.1"
        },
        "azure-mgmt-sql": {
            "hashes": [
                "sha256:43668705f17bd3532e2e489d368937eb19e7d0515638146c156982ace76e0743",
                "sha256:5da488a56d5265757b45747cf5fd22413eb089e606658d6e6d84fe3e9b07e4fa"
            ],
            "version": "==0.9.1"
        },
        "azure-mgmt-storage": {
            "hashes": [
                "sha256:512a29798833453f8c32a5b6d038a459649bbb5b9970ac23c982b5787057fa2b",
                "sha256:9577cea1f7a86ca1db6f14539bd05ce27f43ebe590cc7f23c943961a2c5c1cdc"
            ],
            "version": "==2.0.0"
        },
        "azure-mgmt-subscription": {
            "hashes": [
                "sha256:309b23f0de65f26da80c801e913b0c3b2aea8b90ba583d919f81fe6f329d3f1b",
                "sha256:a37925fb820cb86dfb57559846cc97c7e066fe0e64da7594175f4a4f5e50783c"
            ],
            "version": "==0.2.0"
        },
        "azure-mgmt-trafficmanager": {
            "hashes": [
                "sha256:126167eaa82b443b5b71394050ec292f45074701232bdbdda71f636e9b46516b",
                "sha256:65796588ffbeac45bf73668977131c317b64d6a3f32faecdc5cbf9683d48132c"
            ],
            "version": "==0.50.0"
        },
        "azure-mgmt-web": {
            "hashes": [
                "sha256:8ea0794eef22a257773c13269b94855ab79d36c342ad15a98135403c9785cc0a",
                "sha256:f4ddb4850314325db688241caa323fa80d811dc4590454d87f5c5b558557ea51"
            ],
            "version": "==0.35.0"
        },
        "azure-nspkg": {
            "hashes": [
                "sha256:1d0bbb2157cf57b1bef6c8c8e5b41133957364456c43b0a43599890023cca0a8",
                "sha256:31a060caca00ed1ebd369fc7fe01a56768c927e404ebc92268f4d9d636435e28",
                "sha256:e7d3cea6af63e667d87ba1ca4f8cd7cb4dfca678e4c55fc1cedb320760e39dd0"
            ],
            "version": "==3.0.2"
        },
        "azure-servicebus": {
            "hashes": [
                "sha256:30d5beaf73eaf40aba52fdd7f7f26dd8c3e639051dc19a5f2ab5f8e7832d68f7",
                "sha256:bb6a27afc8f1ea9ab46ff2371069243d45000d351d9b64e450b63d52409b934d"
            ],
            "version": "==0.21.1"
        },
        "azure-servicefabric": {
            "hashes": [
                "sha256:8724718ef48c2810dbd8609c193225fa1e037a2c9ce70c7263f5b031e2e8f208",
                "sha256:c82575cbdf95cc897c3230ea889d4e751d8760a2223857fe6fbeeea5b802e5e2"
            ],
            "version": "==6.3.0.0"
        },
        "azure-servicemanagement-legacy": {
            "hashes": [
                "sha256:5d388b9fda83161aca617f224c9e895ce51fe6a84b7524bc000c557c025f91cd",
                "sha256:c9f80060d2ad019635035562545b9174904282017182c791a21e8017c0647bcc"
            ],
            "version": "==0.20.7"
        },
        "azure-storage-blob": {
            "hashes": [
                "sha256:6577e9ebca6fd1cf47795f88a1f0949c003fae62eeb6479a05631b765cf73b80",
                "sha256:f187a878e7a191f4e098159904f72b4146cf70e1aabaf6484ab4ba72fc6f252c"
            ],
            "version": "==1.5.0"
        },
        "azure-storage-common": {
            "hashes": [
                "sha256:4ec87c7537d457ec95252e0e46477e2c1ccf33774ffefd05d8544682cb0ae401",
                "sha256:de4817cce35a23d1c89563edc38b481ebd8da4655bdf32d26fa2b06095179e4a"
            ],
            "version": "==1.4.2"
        },
        "azure-storage-file": {
            "hashes": [
                "sha256:5217b0441b671246a8d5f506a459fa3af084eeb9297c5be3bbe95d75d23bac2f",
                "sha256:65831e66594cdda36e02f5566ea9d8a6ad35eca6691c28f1fbb49f23987752ff"
            ],
            "version": "==1.4.0"
        },
        "azure-storage-queue": {
            "hashes": [
                "sha256:0bafe9e61c0ce7b3f3ecadea21e931dab3248bd4989dc327a8666c5deae7f7ed",
                "sha256:d28e6f854ed5d719d62637c1b5c2b74d9c67584bc326de5ce41ba0af73e3a3f0"
            ],
            "version": "==1.4.0"
        },
        "certifi": {
            "hashes": [
                "sha256:9c5705e395cd70084351dd8ad5c41e65655e08ce46f2ec9cf6c2c08390f71eb7",
                "sha256:f1d53542ee8cbedbe2118b5686372fb33c297fcd6379b050cca0ef13a597382a"
            ],
            "markers": "python_version >= '3.6'",
            "version": "==2022.5.18.1"
        },
        "cffi": {
            "hashes": [
                "sha256:00c878c90cb53ccfaae6b8bc18ad05d2036553e6d9d1d9dbcf323bbe83854ca3",
                "sha256:0104fb5ae2391d46a4cb082abdd5c69ea4eab79d8d44eaaf79f1b1fd806ee4c2",
                "sha256:06c48159c1abed75c2e721b1715c379fa3200c7784271b3c46df01383b593636",
                "sha256:0808014eb713677ec1292301ea4c81ad277b6cdf2fdd90fd540af98c0b101d20",
                "sha256:10dffb601ccfb65262a27233ac273d552ddc4d8ae1bf93b21c94b8511bffe728",
                "sha256:14cd121ea63ecdae71efa69c15c5543a4b5fbcd0bbe2aad864baca0063cecf27",
                "sha256:17771976e82e9f94976180f76468546834d22a7cc404b17c22df2a2c81db0c66",
                "sha256:181dee03b1170ff1969489acf1c26533710231c58f95534e3edac87fff06c443",
                "sha256:23cfe892bd5dd8941608f93348c0737e369e51c100d03718f108bf1add7bd6d0",
                "sha256:263cc3d821c4ab2213cbe8cd8b355a7f72a8324577dc865ef98487c1aeee2bc7",
                "sha256:2756c88cbb94231c7a147402476be2c4df2f6078099a6f4a480d239a8817ae39",
                "sha256:27c219baf94952ae9d50ec19651a687b826792055353d07648a5695413e0c605",
                "sha256:2a23af14f408d53d5e6cd4e3d9a24ff9e05906ad574822a10563efcef137979a",
                "sha256:31fb708d9d7c3f49a60f04cf5b119aeefe5644daba1cd2a0fe389b674fd1de37",
                "sha256:3415c89f9204ee60cd09b235810be700e993e343a408693e80ce7f6a40108029",
                "sha256:3773c4d81e6e818df2efbc7dd77325ca0dcb688116050fb2b3011218eda36139",
                "sha256:3b96a311ac60a3f6be21d2572e46ce67f09abcf4d09344c49274eb9e0bf345fc",
                "sha256:3f7d084648d77af029acb79a0ff49a0ad7e9d09057a9bf46596dac9514dc07df",
                "sha256:41d45de54cd277a7878919867c0f08b0cf817605e4eb94093e7516505d3c8d14",
                "sha256:4238e6dab5d6a8ba812de994bbb0a79bddbdf80994e4ce802b6f6f3142fcc880",
                "sha256:45db3a33139e9c8f7c09234b5784a5e33d31fd6907800b316decad50af323ff2",
                "sha256:45e8636704eacc432a206ac7345a5d3d2c62d95a507ec70d62f23cd91770482a",
                "sha256:4958391dbd6249d7ad855b9ca88fae690783a6be9e86df65865058ed81fc860e",
                "sha256:4a306fa632e8f0928956a41fa8e1d6243c71e7eb59ffbd165fc0b41e316b2474",
                "sha256:57e9ac9ccc3101fac9d6014fba037473e4358ef4e89f8e181f8951a2c0162024",
                "sha256:59888172256cac5629e60e72e86598027aca6bf01fa2465bdb676d37636573e8",
                "sha256:5e069f72d497312b24fcc02073d70cb989045d1c91cbd53979366077959933e0",
                "sha256:64d4ec9f448dfe041705426000cc13e34e6e5bb13736e9fd62e34a0b0c41566e",
                "sha256:6dc2737a3674b3e344847c8686cf29e500584ccad76204efea14f451d4cc669a",
                "sha256:74fdfdbfdc48d3f47148976f49fab3251e550a8720bebc99bf1483f5bfb5db3e",
                "sha256:75e4024375654472cc27e91cbe9eaa08567f7fbdf822638be2814ce059f58032",
                "sha256:786902fb9ba7433aae840e0ed609f45c7bcd4e225ebb9c753aa39725bb3e6ad6",
                "sha256:8b6c2ea03845c9f501ed1313e78de148cd3f6cad741a75d43a29b43da27f2e1e",
                "sha256:91d77d2a782be4274da750752bb1650a97bfd8f291022b379bb8e01c66b4e96b",
                "sha256:91ec59c33514b7c7559a6acda53bbfe1b283949c34fe7440bcf917f96ac0723e",
                "sha256:920f0d66a896c2d99f0adbb391f990a84091179542c205fa53ce5787aff87954",
                "sha256:a5263e363c27b653a90078143adb3d076c1a748ec9ecc78ea2fb916f9b861962",
                "sha256:abb9a20a72ac4e0fdb50dae135ba5e77880518e742077ced47eb1499e29a443c",
                "sha256:c2051981a968d7de9dd2d7b87bcb9c939c74a34626a6e2f8181455dd49ed69e4",
                "sha256:c21c9e3896c23007803a875460fb786118f0cdd4434359577ea25eb556e34c55",
                "sha256:c2502a1a03b6312837279c8c1bd3ebedf6c12c4228ddbad40912d671ccc8a962",
                "sha256:d4d692a89c5cf08a8557fdeb329b82e7bf609aadfaed6c0d79f5a449a3c7c023",
                "sha256:da5db4e883f1ce37f55c667e5c0de439df76ac4cb55964655906306918e7363c",
                "sha256:e7022a66d9b55e93e1a845d8c9eba2a1bebd4966cd8bfc25d9cd07d515b33fa6",
                "sha256:ef1f279350da2c586a69d32fc8733092fd32cc8ac95139a00377841f59a3f8d8",
                "sha256:f54a64f8b0c8ff0b64d18aa76675262e1700f3995182267998c31ae974fbc382",
                "sha256:f5c7150ad32ba43a07c4479f40241756145a1f03b43480e058cfd862bf5041c7",
                "sha256:f6f824dc3bce0edab5f427efcfb1d63ee75b6fcb7282900ccaf925be84efb0fc",
                "sha256:fd8a250edc26254fe5b33be00402e6d287f562b6a5b2152dec302fa15bb3e997",
                "sha256:ffaa5c925128e29efbde7301d8ecaf35c8c60ffbcd6a1ffd3a552177c8e5e796"
            ],
            "version": "==1.15.0"
        },
        "charset-normalizer": {
            "hashes": [
                "sha256:2857e29ff0d34db842cd7ca3230549d1a697f96ee6d3fb071cfa6c7393832597",
                "sha256:6881edbebdb17b39b4eaaa821b438bf6eddffb4468cf344f09f89def34a8b1df"
            ],
            "markers": "python_version >= '3'",
            "version": "==2.0.12"
        },
        "cryptography": {
            "hashes": [
                "sha256:093cb351031656d3ee2f4fa1be579a8c69c754cf874206be1d4cf3b542042804",
                "sha256:0cc20f655157d4cfc7bada909dc5cc228211b075ba8407c46467f63597c78178",
                "sha256:1b9362d34363f2c71b7853f6251219298124aa4cc2075ae2932e64c91a3e2717",
                "sha256:1f3bfbd611db5cb58ca82f3deb35e83af34bb8cf06043fa61500157d50a70982",
                "sha256:2bd1096476aaac820426239ab534b636c77d71af66c547b9ddcd76eb9c79e004",
                "sha256:31fe38d14d2e5f787e0aecef831457da6cec68e0bb09a35835b0b44ae8b988fe",
                "sha256:3b8398b3d0efc420e777c40c16764d6870bcef2eb383df9c6dbb9ffe12c64452",
                "sha256:3c81599befb4d4f3d7648ed3217e00d21a9341a9a688ecdd615ff72ffbed7336",
                "sha256:419c57d7b63f5ec38b1199a9521d77d7d1754eb97827bbb773162073ccd8c8d4",
                "sha256:46f4c544f6557a2fefa7ac8ac7d1b17bf9b647bd20b16decc8fbcab7117fbc15",
                "sha256:471e0d70201c069f74c837983189949aa0d24bb2d751b57e26e3761f2f782b8d",
                "sha256:59b281eab51e1b6b6afa525af2bd93c16d49358404f814fe2c2410058623928c",
                "sha256:731c8abd27693323b348518ed0e0705713a36d79fdbd969ad968fbef0979a7e0",
                "sha256:95e590dd70642eb2079d280420a888190aa040ad20f19ec8c6e097e38aa29e06",
                "sha256:a68254dd88021f24a68b613d8c51d5c5e74d735878b9e32cc0adf19d1f10aaf9",
                "sha256:a7d5137e556cc0ea418dca6186deabe9129cee318618eb1ffecbd35bee55ddc1",
                "sha256:aeaba7b5e756ea52c8861c133c596afe93dd716cbcacae23b80bc238202dc023",
                "sha256:dc26bb134452081859aa21d4990474ddb7e863aa39e60d1592800a8865a702de",
                "sha256:e53258e69874a306fcecb88b7534d61820db8a98655662a3dd2ec7f1afd9132f",
                "sha256:ef15c2df7656763b4ff20a9bc4381d8352e6640cfeb95c2972c38ef508e75181",
                "sha256:f224ad253cc9cea7568f49077007d2263efa57396a2f2f78114066fd54b5c68e",
                "sha256:f8ec91983e638a9bcd75b39f1396e5c0dc2330cbd9ce4accefe68717e6779e0a"
            ],
            "markers": "python_version >= '3.6'",
            "version": "==37.0.2"
        },
        "dj-database-url": {
            "hashes": [
                "sha256:4aeaeb1f573c74835b0686a2b46b85990571159ffc21aa57ecd4d1e1cb334163",
                "sha256:851785365761ebe4994a921b433062309eb882fedd318e1b0fcecc607ed02da9"
            ],
            "version": "==0.5.0"
        },
        "django": {
            "hashes": [
                "sha256:6d93497a0a9bf6ba0e0b1a29cccdc40efbfc76297255b1309b3a884a688ec4b6",
                "sha256:b896ca61edc079eb6bbaa15cf6071eb69d6aac08cce5211583cfb41515644fdf"
            ],
            "markers": "python_version >= '3.6'",
            "version": "==3.2.13"
        },
        "django-heroku": {
            "hashes": [
                "sha256:2bc690aab89eedbe01311752320a9a12e7548e3b0ed102681acc5736a41a4762",
                "sha256:6af4bc3ae4a9b55eaad6dbe5164918982d2762661aebc9f83d9fa49f6009514e"
            ],
            "index": "pypi",
            "version": "==0.3.1"
        },
        "django-storages": {
            "extras": [
                "azure"
            ],
            "hashes": [
                "sha256:8e35d2c7baeda5dc6f0b4f9a0fc142d25f9a1bf72b8cebfcbc5db4863abc552d",
                "sha256:b1a63cd5ea286ee5a9fb45de6c3c5c0ae132d58308d06f1ce9865cfcd5e470a7"
            ],
            "index": "pypi",
            "version": "==1.7.1"
        },
        "gunicorn": {
            "hashes": [
                "sha256:aa8e0b40b4157b36a5df5e599f45c9c76d6af43845ba3b3b0efe2c70473c2471",
                "sha256:fa2662097c66f920f53f70621c6c58ca4a3c4d3434205e608e121b5b3b71f4f3"
            ],
            "index": "pypi",
            "version": "==19.9.0"
        },
        "idna": {
            "hashes": [
                "sha256:84d9dd047ffa80596e0f246e2eab0b391788b0503584e8945f2368256d2735ff",
                "sha256:9d643ff0a55b762d5cdb124b8eaa99c66322e2157b69160bc32796e824360e6d"
            ],
            "markers": "python_version >= '3'",
            "version": "==3.3"
        },
        "isodate": {
            "hashes": [
                "sha256:0751eece944162659049d35f4f549ed815792b38793f07cf73381c1c87cbed96",
                "sha256:48c5881de7e8b0a0d648cb024c8062dc84e7b840ed81e864c7614fd3c127bde9"
            ],
            "version": "==0.6.1"
        },
        "msrest": {
            "hashes": [
                "sha256:72661bc7bedc2dc2040e8f170b6e9ef226ee6d3892e01affd4d26b06474d68d8",
                "sha256:c840511c845330e96886011a236440fafc2c9aff7b2df9c0a92041ee2dee3782"
            ],
            "version": "==0.6.21"
        },
        "msrestazure": {
            "hashes": [
                "sha256:3de50f56147ef529b31e099a982496690468ecef33f0544cb0fa0cfe1e1de5b9",
                "sha256:a06f0dabc9a6f5efe3b6add4bd8fb623aeadacf816b7a35b0f89107e0544d189"
            ],
            "version": "==0.6.4"
        },
        "oauthlib": {
            "hashes": [
                "sha256:23a8208d75b902797ea29fd31fa80a15ed9dc2c6c16fe73f5d346f83f6fa27a2",
                "sha256:6db33440354787f9b7f3a6dbd4febf5d0f93758354060e802f6c06cb493022fe"
            ],
            "markers": "python_version >= '3.6'",
            "version": "==3.2.0"
        },
        "psycopg2": {
            "hashes": [
                "sha256:06f32425949bd5fe8f625c49f17ebb9784e1e4fe928b7cce72edc36fb68e4c0c",
                "sha256:0762c27d018edbcb2d34d51596e4346c983bd27c330218c56c4dc25ef7e819bf",
                "sha256:083707a696e5e1c330af2508d8fab36f9700b26621ccbcb538abe22e15485362",
                "sha256:34b33e0162cfcaad151f249c2649fd1030010c16f4bbc40a604c1cb77173dcf7",
                "sha256:4295093a6ae3434d33ec6baab4ca5512a5082cc43c0505293087b8a46d108461",
                "sha256:8cf3878353cc04b053822896bc4922b194792df9df2f1ad8da01fb3043602126",
                "sha256:8e841d1bf3434da985cc5ef13e6f75c8981ced601fd70cc6bf33351b91562981",
                "sha256:9572e08b50aed176ef6d66f15a21d823bb6f6d23152d35e8451d7d2d18fdac56",
                "sha256:a81e3866f99382dfe8c15a151f1ca5fde5815fde879348fe5a9884a7c092a305",
                "sha256:cb10d44e6694d763fa1078a26f7f6137d69f555a78ec85dc2ef716c37447e4b2",
                "sha256:d3ca6421b942f60c008f81a3541e8faf6865a28d5a9b48544b0ee4f40cac7fca"
            ],
            "markers": "python_version >= '3.6'",
            "version": "==2.9.3"
        },
        "psycopg2-binary": {
            "hashes": [
                "sha256:036bcb198a7cc4ce0fe43344f8c2c9a8155aefa411633f426c8c6ed58a6c0426",
                "sha256:1d770fcc02cdf628aebac7404d56b28a7e9ebec8cfc0e63260bd54d6edfa16d4",
                "sha256:1fdc6f369dcf229de6c873522d54336af598b9470ccd5300e2f58ee506f5ca13",
                "sha256:21f9ddc0ff6e07f7d7b6b484eb9da2c03bc9931dd13e36796b111d631f7135a3",
                "sha256:247873cda726f7956f745a3e03158b00de79c4abea8776dc2f611d5ba368d72d",
                "sha256:3aa31c42f29f1da6f4fd41433ad15052d5ff045f2214002e027a321f79d64e2c",
                "sha256:475f694f87dbc619010b26de7d0fc575a4accf503f2200885cc21f526bffe2ad",
                "sha256:4b5e332a24bf6e2fda1f51ca2a57ae1083352293a08eeea1fa1112dc7dd542d1",
                "sha256:570d521660574aca40be7b4d532dfb6f156aad7b16b5ed62d1534f64f1ef72d8",
                "sha256:59072de7def0690dd13112d2bdb453e20570a97297070f876fbbb7cbc1c26b05",
                "sha256:5f0b658989e918ef187f8a08db0420528126f2c7da182a7b9f8bf7f85144d4e4",
                "sha256:649199c84a966917d86cdc2046e03d536763576c0b2a756059ae0b3a9656bc20",
                "sha256:6645fc9b4705ae8fbf1ef7674f416f89ae1559deec810f6dd15197dfa52893da",
                "sha256:6872dd54d4e398d781efe8fe2e2d7eafe4450d61b5c4898aced7610109a6df75",
                "sha256:6ce34fbc251fc0d691c8d131250ba6f42fd2b28ef28558d528ba8c558cb28804",
                "sha256:73920d167a0a4d1006f5f3b9a3efce6f0e5e883a99599d38206d43f27697df00",
                "sha256:8a671732b87ae423e34b51139628123bc0306c2cb85c226e71b28d3d57d7e42a",
                "sha256:8d517e8fda2efebca27c2018e14c90ed7dc3f04d7098b3da2912e62a1a5585fe",
                "sha256:9475a008eb7279e20d400c76471843c321b46acacc7ee3de0b47233a1e3fa2cf",
                "sha256:96947b8cd7b3148fb0e6549fcb31258a736595d6f2a599f8cd450e9a80a14781",
                "sha256:abf229f24daa93f67ac53e2e17c8798a71a01711eb9fcdd029abba8637164338",
                "sha256:b1ab012f276df584beb74f81acb63905762c25803ece647016613c3d6ad4e432",
                "sha256:b22b33f6f0071fe57cb4e9158f353c88d41e739a3ec0d76f7b704539e7076427",
                "sha256:b3b2d53274858e50ad2ffdd6d97ce1d014e1e530f82ec8b307edd5d4c921badf",
                "sha256:bab26a729befc7b9fab9ded1bba9c51b785188b79f8a2796ba03e7e734269e2e",
                "sha256:daa1a593629aa49f506eddc9d23dc7f89b35693b90e1fbcd4480182d1203ea90",
                "sha256:dd111280ce40e89fd17b19c1269fd1b74a30fce9d44a550840e86edb33924eb8",
                "sha256:e0b86084f1e2e78c451994410de756deba206884d6bed68d5a3d7f39ff5fea1d",
                "sha256:eb86520753560a7e89639500e2a254bb6f683342af598088cb72c73edcad21e6",
                "sha256:ff18c5c40a38d41811c23e2480615425c97ea81fd7e9118b8b899c512d97c737"
            ],
            "index": "pypi",
            "version": "==2.7.6.1"
        },
        "pycparser": {
            "hashes": [
                "sha256:8ee45429555515e1f6b185e78100aea234072576aa43ab53aefcae078162fca9",
                "sha256:e644fdec12f7872f86c58ff790da456218b10f863970249516d60a5eaca77206"
            ],
            "version": "==2.21"
        },
        "pyjwt": {
            "hashes": [
                "sha256:72d1d253f32dbd4f5c88eaf1fdc62f3a19f676ccbadb9dbc5d07e951b2b26daf",
                "sha256:d42908208c699b3b973cbeb01a969ba6a96c821eefb1c5bfe4c390c01d67abba"
            ],
            "index": "pypi",
            "version": "==2.4.0"
        },
        "python-dateutil": {
            "hashes": [
                "sha256:0123cacc1627ae19ddf3c27a5de5bd67ee4586fbdd6440d9748f8abb483d3e86",
                "sha256:961d03dc3453ebbc59dbdea9e4e11c5651520a876d0f4db161e8674aae935da9"
            ],
            "markers": "python_version >= '2.7' and python_version not in '3.0, 3.1, 3.2, 3.3'",
            "version": "==2.8.2"
        },
        "pytz": {
            "hashes": [
                "sha256:1e760e2fe6a8163bc0b3d9a19c4f84342afa0a2affebfaa84b01b978a02ecaa7",
                "sha256:e68985985296d9a66a881eb3193b0906246245294a881e7c8afe623866ac6a5c"
            ],
            "version": "==2022.1"
        },
        "requests": {
            "hashes": [
                "sha256:68d7c56fd5a8999887728ef304a6d12edc7be74f1cfa47714fc8b414525c9a61",
                "sha256:f22fa1e554c9ddfd16e6e41ac79759e17be9e492b3587efa038054674760e72d"
            ],
            "markers": "python_version >= '2.7' and python_version not in '3.0, 3.1, 3.2, 3.3, 3.4, 3.5'",
            "version": "==2.27.1"
        },
        "requests-oauthlib": {
            "hashes": [
                "sha256:2577c501a2fb8d05a304c09d090d6e47c306fef15809d102b327cf8364bddab5",
                "sha256:75beac4a47881eeb94d5ea5d6ad31ef88856affe2332b9aafb52c6452ccf0d7a"
            ],
            "markers": "python_version >= '2.7' and python_version not in '3.0, 3.1, 3.2, 3.3'",
            "version": "==1.3.1"
        },
        "six": {
            "hashes": [
                "sha256:1e61c37477a1626458e36f7b1d82aa5c9b094fa4802892072e49de9c60c4c926",
                "sha256:8abb2f1d86890a2dfb989f9a77cfcfd3e47c2a354b01111771326f8aa26e0254"
            ],
            "markers": "python_version >= '2.7' and python_version not in '3.0, 3.1, 3.2, 3.3'",
            "version": "==1.16.0"
        },
        "sqlparse": {
            "hashes": [
                "sha256:0c00730c74263a94e5a9919ade150dfc3b19c574389985446148402998287dae",
                "sha256:48719e356bb8b42991bdbb1e8b83223757b93789c00910a616a071910ca4a64d"
            ],
            "markers": "python_version >= '3.5'",
            "version": "==0.4.2"
        },
        "typing-extensions": {
            "hashes": [
                "sha256:1a9462dcc3347a79b1f1c0271fbe79e844580bb598bafa1ed208b94da3cdcd42",
                "sha256:21c85e0fe4b9a155d0799430b0ad741cdce7e359660ccbd8b530613e8df88ce2"
            ],
            "markers": "python_version < '3.8'",
            "version": "==4.1.1"
        },
        "urllib3": {
            "hashes": [
                "sha256:44ece4d53fb1706f667c9bd1c648f5469a2ec925fcf3a776667042d645472c14",
                "sha256:aabaf16477806a5e1dd19aa41f8c2b7950dd3c746362d7e3223dbe6de6ac448e"
            ],
            "markers": "python_version >= '2.7' and python_version not in '3.0, 3.1, 3.2, 3.3, 3.4' and python_version < '4'",
            "version": "==1.26.9"
        },
        "whitenoise": {
            "hashes": [
                "sha256:d234b871b52271ae7ed6d9da47ffe857c76568f11dd30e28e18c5869dbd11e12",
                "sha256:d963ef25639d1417e8a247be36e6aedd8c7c6f0a08adcb5a89146980a96b577c"
            ],
            "markers": "python_version >= '3.5' and python_version < '4'",
            "version": "==5.3.0"
        }
    },
    "develop": {}
}
